// !$*UTF8*$!
{
	archiveVersion = 1;
	classes = {
	};
	objectVersion = 56;
	objects = {

/* Begin PBXBuildFile section */
		178535BE2F0326F600F536E3 /* SwiftDocumentScanner.icon in Resources */ = {isa = PBXBuildFile; fileRef = 178535BD2F0326F600F536E3 /* SwiftDocumentScanner.icon */; };
		1D1E1E1D2B1E1E1E1E1E1E1DBF /* App.swift in Sources */ = {isa = PBXBuildFile; fileRef = 1D1E1E1D2B1E1E1E1E1E1E1D /* App.swift */; };
		21713154EC84EEDB4A43B58 /* WelcomeView.swift in Sources */ = {isa = PBXBuildFile; fileRef = 65C0F99CA7684E9E91635EB /* WelcomeView.swift */; };
		2D2E2E2D2B2E2E2E2E2E2E2DBF /* Page.swift in Sources */ = {isa = PBXBuildFile; fileRef = 2D2E2E2D2B2E2E2E2E2E2E2D /* Page.swift */; };
		3D3E3E3D2B3E3E3E3E3E3E3DBF /* Document.swift in Sources */ = {isa = PBXBuildFile; fileRef = 3D3E3E3D2B3E3E3E3E3E3E3D /* Document.swift */; };
		4D4E4E4D2B4E4E4E4E4E4E4DBF /* ScanSession.swift in Sources */ = {isa = PBXBuildFile; fileRef = 4D4E4E4D2B4E4E4E4E4E4E4D /* ScanSession.swift */; };
		5D5E5E5D2B5E5E5E5E5E5E5DBF /* ScanFlowCoordinator.swift in Sources */ = {isa = PBXBuildFile; fileRef = 5D5E5E5D2B5E5E5E5E5E5E5D /* ScanFlowCoordinator.swift */; };
		6B748923718246326646389C /* FilenameEditorView.swift in Sources */ = {isa = PBXBuildFile; fileRef = 0CD6A247EB292A37CD71722B /* FilenameEditorView.swift */; };
		6D6E6E6D2B6E6E6E6E6E6E6DBF /* CameraScannerView.swift in Sources */ = {isa = PBXBuildFile; fileRef = 6D6E6E6D2B6E6E6E6E6E6E6D /* CameraScannerView.swift */; };
		7D7E7E7D2B7E7E7E7E7E7E7DBF /* CameraScannerCoordinator.swift in Sources */ = {isa = PBXBuildFile; fileRef = 7D7E7E7D2B7E7E7E7E7E7E7D /* CameraScannerCoordinator.swift */; };
		79E5A37AEB74469C971E9064 /* PDFPreviewView.swift in Sources */ = {isa = PBXBuildFile; fileRef = F27835F2F6554BFC8491D72A /* PDFPreviewView.swift */; };
		8D8E8E8D2B8E8E8E8E8E8E8DBF /* OCRService.swift in Sources */ = {isa = PBXBuildFile; fileRef = 8D8E8E8D2B8E8E8E8E8E8E8D /* OCRService.swift */; };
		9D9E9E9D2B9E9E9E9E9E9E9DBF /* PDFService.swift in Sources */ = {isa = PBXBuildFile; fileRef = 9D9E9E9D2B9E9E9E9E9E9E9D /* PDFService.swift */; };
		A1A1A1A1A1A1A1A1A1A1A1A1 /* HistoryView.swift in Sources */ = {isa = PBXBuildFile; fileRef = B1B1B1B1B1B1B1B1B1B1B1B1 /* HistoryView.swift */; };
		ADAEBBEBADBEBEBEBEBEBEBDBF /* FileSaveView.swift in Sources */ = {isa = PBXBuildFile; fileRef = ADAEBBEBADBEBEEBEBEBEBD /* FileSaveView.swift */; };
		B11182DD4658462299F38EBE /* ScannedDocumentActionsView.swift in Sources */ = {isa = PBXBuildFile; fileRef = 7422C45DB12545F6B71363E4 /* ScannedDocumentActionsView.swift */; };
		BDBEBBEBCDBEBEBEBEBEBEBDBF /* SmartFilenameService.swift in Sources */ = {isa = PBXBuildFile; fileRef = BDBEBBEBCDBEBEEBEBEBEBD /* SmartFilenameService.swift */; };
		C2C2C2C2C2C2C2C2C2C2C2C2 /* SavedDocument.swift in Sources */ = {isa = PBXBuildFile; fileRef = D2D2D2D2D2D2D2D2D2D2D2D2 /* SavedDocument.swift */; };
		E3E3E3E3E3E3E3E3E3E3E3E3 /* DocumentRepository.swift in Sources */ = {isa = PBXBuildFile; fileRef = F3F3F3F3F3F3F3F3F3F3F3F3 /* DocumentRepository.swift */; };
		F4F4F4F4F4F4F4F4F4F4F4F4 /* SavedDocumentActionsView.swift in Sources */ = {isa = PBXBuildFile; fileRef = E4E4E4E4E4E4E4E4E4E4E4E4 /* SavedDocumentActionsView.swift */; };
		8AAB0241670E4624AA48236C /* DesignSystem.swift in Sources */ = {isa = PBXBuildFile; fileRef = DFD0687D6A434537B26A61A1 /* DesignSystem.swift */; };
		B53332DE824B41EFB9BBAD18 /* DocumentActionsComponents.swift in Sources */ = {isa = PBXBuildFile; fileRef = 4279994D14E446D8B6A6AED0 /* DocumentActionsComponents.swift */; };
		D79F3BC429B24C0F8E62801E /* ThumbnailService.swift in Sources */ = {isa = PBXBuildFile; fileRef = 29BE39D2E8DB4E018DFD19C9 /* ThumbnailService.swift */; };
/* End PBXBuildFile section */

/* Begin PBXFileReference section */
		0CD6A247EB292A37CD71722B /* FilenameEditorView.swift */ = {isa = PBXFileReference; lastKnownFileType = sourcecode.swift; path = FilenameEditorView.swift; sourceTree = "<group>"; };
		178535BD2F0326F600F536E3 /* SwiftDocumentScanner.icon */ = {isa = PBXFileReference; lastKnownFileType = folder.iconcomposer.icon; path = SwiftDocumentScanner.icon; sourceTree = "<group>"; };
		1D1E1E1A2B1E1E1E1E1E1E1A /* SwiftDocumentScanner.app */ = {isa = PBXFileReference; explicitFileType = wrapper.application; includeInIndex = 0; path = SwiftDocumentScanner.app; sourceTree = BUILT_PRODUCTS_DIR; };
		1D1E1E1D2B1E1E1E1E1E1E1D /* App.swift */ = {isa = PBXFileReference; lastKnownFileType = sourcecode.swift; path = App.swift; sourceTree = "<group>"; };
		1D1E1E242B1E1E1E1E1E1E24 /* Info.plist */ = {isa = PBXFileReference; lastKnownFileType = text.plist.xml; path = Info.plist; sourceTree = "<group>"; };
		1D1E1E252B1E1E1E1E1E1E25 /* SwiftDocumentScanner.entitlements */ = {isa = PBXFileReference; lastKnownFileType = text.plist.entitlements; path = SwiftDocumentScanner.entitlements; sourceTree = "<group>"; };
		2D2E2E2D2B2E2E2E2E2E2E2D /* Page.swift */ = {isa = PBXFileReference; lastKnownFileType = sourcecode.swift; path = Page.swift; sourceTree = "<group>"; };
		3D3E3E3D2B3E3E3E3E3E3E3D /* Document.swift */ = {isa = PBXFileReference; lastKnownFileType = sourcecode.swift; path = Document.swift; sourceTree = "<group>"; };
		4D4E4E4D2B4E4E4E4E4E4E4D /* ScanSession.swift */ = {isa = PBXFileReference; lastKnownFileType = sourcecode.swift; path = ScanSession.swift; sourceTree = "<group>"; };
		5D5E5E5D2B5E5E5E5E5E5E5D /* ScanFlowCoordinator.swift */ = {isa = PBXFileReference; lastKnownFileType = sourcecode.swift; path = ScanFlowCoordinator.swift; sourceTree = "<group>"; };
		65C0F99CA7684E9E91635EB /* WelcomeView.swift */ = {isa = PBXFileReference; lastKnownFileType = sourcecode.swift; path = WelcomeView.swift; sourceTree = "<group>"; };
		6D6E6E6D2B6E6E6E6E6E6E6D /* CameraScannerView.swift */ = {isa = PBXFileReference; lastKnownFileType = sourcecode.swift; path = CameraScannerView.swift; sourceTree = "<group>"; };
		7422C45DB12545F6B71363E4 /* ScannedDocumentActionsView.swift */ = {isa = PBXFileReference; lastKnownFileType = sourcecode.swift; path = ScannedDocumentActionsView.swift; sourceTree = "<group>"; };
		7D7E7E7D2B7E7E7E7E7E7E7D /* CameraScannerCoordinator.swift */ = {isa = PBXFileReference; lastKnownFileType = sourcecode.swift; path = CameraScannerCoordinator.swift; sourceTree = "<group>"; };
		F27835F2F6554BFC8491D72A /* PDFPreviewView.swift */ = {isa = PBXFileReference; lastKnownFileType = sourcecode.swift; path = PDFPreviewView.swift; sourceTree = "<group>"; };
		8D8E8E8D2B8E8E8E8E8E8E8D /* OCRService.swift */ = {isa = PBXFileReference; lastKnownFileType = sourcecode.swift; path = OCRService.swift; sourceTree = "<group>"; };
		9D9E9E9D2B9E9E9E9E9E9E9D /* PDFService.swift */ = {isa = PBXFileReference; lastKnownFileType = sourcecode.swift; path = PDFService.swift; sourceTree = "<group>"; };
		ADAEBBEBADBEBEEBEBEBEBD /* FileSaveView.swift */ = {isa = PBXFileReference; lastKnownFileType = sourcecode.swift; path = FileSaveView.swift; sourceTree = "<group>"; };
		B1B1B1B1B1B1B1B1B1B1B1B1 /* HistoryView.swift */ = {isa = PBXFileReference; lastKnownFileType = sourcecode.swift; path = HistoryView.swift; sourceTree = "<group>"; };
		BDBEBBEBCDBEBEEBEBEBEBD /* SmartFilenameService.swift */ = {isa = PBXFileReference; lastKnownFileType = sourcecode.swift; path = SmartFilenameService.swift; sourceTree = "<group>"; };
		D2D2D2D2D2D2D2D2D2D2D2D2 /* SavedDocument.swift */ = {isa = PBXFileReference; lastKnownFileType = sourcecode.swift; path = SavedDocument.swift; sourceTree = "<group>"; };
		E4E4E4E4E4E4E4E4E4E4E4E4 /* SavedDocumentActionsView.swift */ = {isa = PBXFileReference; lastKnownFileType = sourcecode.swift; path = SavedDocumentActionsView.swift; sourceTree = "<group>"; };
		F3F3F3F3F3F3F3F3F3F3F3F3 /* DocumentRepository.swift */ = {isa = PBXFileReference; lastKnownFileType = sourcecode.swift; path = DocumentRepository.swift; sourceTree = "<group>"; };
		DFD0687D6A434537B26A61A1 /* DesignSystem.swift */ = {isa = PBXFileReference; lastKnownFileType = sourcecode.swift; path = DesignSystem.swift; sourceTree = "<group>"; };
		4279994D14E446D8B6A6AED0 /* DocumentActionsComponents.swift */ = {isa = PBXFileReference; lastKnownFileType = sourcecode.swift; path = DocumentActionsComponents.swift; sourceTree = "<group>"; };
		29BE39D2E8DB4E018DFD19C9 /* ThumbnailService.swift */ = {isa = PBXFileReference; lastKnownFileType = sourcecode.swift; path = ThumbnailService.swift; sourceTree = "<group>"; };
/* End PBXFileReference section */

/* Begin PBXFrameworksBuildPhase section */
		1D1E1E172B1E1E1E1E1E1E17 /* Frameworks */ = {
			isa = PBXFrameworksBuildPhase;
			buildActionMask = 2147483647;
			files = (
			);
			runOnlyForDeploymentPostprocessing = 0;
		};
/* End PBXFrameworksBuildPhase section */

/* Begin PBXGroup section */
		1D1E1E112B1E1E1E1E1E1E11 = {
			isa = PBXGroup;
			children = (
				1D1E1E1C2B1E1E1E1E1E1E1C /* SwiftDocumentScanner */,
				1D1E1E1B2B1E1E1E1E1E1E1B /* Products */,
				178535BD2F0326F600F536E3 /* SwiftDocumentScanner.icon */,
			);
			sourceTree = "<group>";
		};
		1D1E1E1B2B1E1E1E1E1E1E1B /* Products */ = {
			isa = PBXGroup;
			children = (
				1D1E1E1A2B1E1E1E1E1E1E1A /* SwiftDocumentScanner.app */,
			);
			name = Products;
			sourceTree = "<group>";
		};
		1D1E1E1C2B1E1E1E1E1E1E1C /* SwiftDocumentScanner */ = {
			isa = PBXGroup;
			children = (
				1D1E1E1D2B1E1E1E1E1E1E1D /* App.swift */,
				1D1E1E302B1E1E1E1E1E1E30 /* UI */,
				1D1E1E312B1E1E1E1E1E1E31 /* Domain */,
				1D1E1E322B1E1E1E1E1E1E32 /* Data */,
				1D1E1E242B1E1E1E1E1E1E24 /* Info.plist */,
				1D1E1E252B1E1E1E1E1E1E25 /* SwiftDocumentScanner.entitlements */,
			);
			path = SwiftDocumentScanner;
			sourceTree = "<group>";
		};
		1D1E1E302B1E1E1E1E1E1E30 /* UI */ = {
			isa = PBXGroup;
			children = (
				5D5E5E5D2B5E5E5E5E5E5E5D /* ScanFlowCoordinator.swift */,
				6D6E6E6D2B6E6E6E6E6E6E6D /* CameraScannerView.swift */,
				7D7E7E7D2B7E7E7E7E7E7E7D /* CameraScannerCoordinator.swift */,
				ADAEBBEBADBEBEEBEBEBEBD /* FileSaveView.swift */,
				0CD6A247EB292A37CD71722B /* FilenameEditorView.swift */,
				F27835F2F6554BFC8491D72A /* PDFPreviewView.swift */,
				7422C45DB12545F6B71363E4 /* ScannedDocumentActionsView.swift */,
				65C0F99CA7684E9E91635EB /* WelcomeView.swift */,
				B1B1B1B1B1B1B1B1B1B1B1B1 /* HistoryView.swift */,
				E4E4E4E4E4E4E4E4E4E4E4E4 /* SavedDocumentActionsView.swift */,
			
				DFD0687D6A434537B26A61A1 /* DesignSystem.swift */,
				4279994D14E446D8B6A6AED0 /* DocumentActionsComponents.swift */,);
			path = UI;
			sourceTree = "<group>";
		};
		1D1E1E312B1E1E1E1E1E1E31 /* Domain */ = {
			isa = PBXGroup;
			children = (
				2D2E2E2D2B2E2E2E2E2E2E2D /* Page.swift */,
				3D3E3E3D2B3E3E3E3E3E3E3D /* Document.swift */,
				4D4E4E4D2B4E4E4E4E4E4E4D /* ScanSession.swift */,
				D2D2D2D2D2D2D2D2D2D2D2D2 /* SavedDocument.swift */,
			);
			path = Domain;
			sourceTree = "<group>";
		};
		1D1E1E322B1E1E1E1E1E1E32 /* Data */ = {
			isa = PBXGroup;
			children = (
				8D8E8E8D2B8E8E8E8E8E8E8D /* OCRService.swift */,
				9D9E9E9D2B9E9E9E9E9E9E9D /* PDFService.swift */,
				BDBEBBEBCDBEBEEBEBEBEBD /* SmartFilenameService.swift */,
				F3F3F3F3F3F3F3F3F3F3F3F3 /* DocumentRepository.swift */,
				29BE39D2E8DB4E018DFD19C9 /* ThumbnailService.swift */,);
			path = Data;
			sourceTree = "<group>";
		};
/* End PBXGroup section */

/* Begin PBXNativeTarget section */
		1D1E1E192B1E1E1E1E1E1E19 /* SwiftDocumentScanner */ = {
			isa = PBXNativeTarget;
			buildConfigurationList = 1D1E1E282B1E1E1E1E1E1E28 /* Build configuration list for PBXNativeTarget "SwiftDocumentScanner" */;
			buildPhases = (
				1D1E1E162B1E1E1E1E1E1E16 /* Sources */,
				1D1E1E172B1E1E1E1E1E1E17 /* Frameworks */,
				1D1E1E182B1E1E1E1E1E1E18 /* Resources */,
			);
			buildRules = (
			);
			dependencies = (
			);
			name = SwiftDocumentScanner;
			productName = SwiftDocumentScanner;
			productReference = 1D1E1E1A2B1E1E1E1E1E1E1A /* SwiftDocumentScanner.app */;
			productType = "com.apple.product-type.application";
		};
/* End PBXNativeTarget section */

/* Begin PBXProject section */
		1D1E1E122B1E1E1E1E1E1E12 /* Project object */ = {
			isa = PBXProject;
			attributes = {
				BuildIndependentTargetsInParallel = 1;
				LastSwiftUpdateCheck = 1500;
				LastUpgradeCheck = 1500;
				TargetAttributes = {
					1D1E1E192B1E1E1E1E1E1E19 = {
						CreatedOnToolsVersion = 15.0;
					};
				};
			};
			buildConfigurationList = 1D1E1E152B1E1E1E1E1E1E15 /* Build configuration list for PBXProject "SwiftDocumentScanner" */;
			compatibilityVersion = "Xcode 14.0";
			developmentRegion = en;
			hasScannedForEncodings = 0;
			knownRegions = (
				en,
				Base,
			);
			mainGroup = 1D1E1E112B1E1E1E1E1E1E11;
			productRefGroup = 1D1E1E1B2B1E1E1E1E1E1E1B /* Products */;
			projectDirPath = "";
			projectRoot = "";
			targets = (
				1D1E1E192B1E1E1E1E1E1E19 /* SwiftDocumentScanner */,
			);
		};
/* End PBXProject section */

/* Begin PBXResourcesBuildPhase section */
		1D1E1E182B1E1E1E1E1E1E18 /* Resources */ = {
			isa = PBXResourcesBuildPhase;
			buildActionMask = 2147483647;
			files = (
				178535BE2F0326F600F536E3 /* SwiftDocumentScanner.icon in Resources */,
			);
			runOnlyForDeploymentPostprocessing = 0;
		};
/* End PBXResourcesBuildPhase section */

/* Begin PBXSourcesBuildPhase section */
		1D1E1E162B1E1E1E1E1E1E16 /* Sources */ = {
			isa = PBXSourcesBuildPhase;
			buildActionMask = 2147483647;
			files = (
				1D1E1E1D2B1E1E1E1E1E1E1DBF /* App.swift in Sources */,
				2D2E2E2D2B2E2E2E2E2E2E2DBF /* Page.swift in Sources */,
				3D3E3E3D2B3E3E3E3E3E3E3DBF /* Document.swift in Sources */,
				4D4E4E4D2B4E4E4E4E4E4E4DBF /* ScanSession.swift in Sources */,
				5D5E5E5D2B5E5E5E5E5E5E5DBF /* ScanFlowCoordinator.swift in Sources */,
				6D6E6E6D2B6E6E6E6E6E6E6DBF /* CameraScannerView.swift in Sources */,
				7D7E7E7D2B7E7E7E7E7E7E7DBF /* CameraScannerCoordinator.swift in Sources */,
				8D8E8E8D2B8E8E8E8E8E8E8DBF /* OCRService.swift in Sources */,
				9D9E9E9D2B9E9E9E9E9E9E9DBF /* PDFService.swift in Sources */,
				ADAEBBEBADBEBEBEBEBEBEBDBF /* FileSaveView.swift in Sources */,
				BDBEBBEBCDBEBEBEBEBEBEBDBF /* SmartFilenameService.swift in Sources */,
				6B748923718246326646389C /* FilenameEditorView.swift in Sources */,
				79E5A37AEB74469C971E9064 /* PDFPreviewView.swift in Sources */,
				B11182DD4658462299F38EBE /* ScannedDocumentActionsView.swift in Sources */,
				21713154EC84EEDB4A43B58 /* WelcomeView.swift in Sources */,
				A1A1A1A1A1A1A1A1A1A1A1A1 /* HistoryView.swift in Sources */,
				C2C2C2C2C2C2C2C2C2C2C2C2 /* SavedDocument.swift in Sources */,
				E3E3E3E3E3E3E3E3E3E3E3E3 /* DocumentRepository.swift in Sources */,
				F4F4F4F4F4F4F4F4F4F4F4F4 /* SavedDocumentActionsView.swift in Sources */,
			
				8AAB0241670E4624AA48236C /* DesignSystem.swift in Sources */,
				B53332DE824B41EFB9BBAD18 /* DocumentActionsComponents.swift in Sources */,
				D79F3BC429B24C0F8E62801E /* ThumbnailService.swift in Sources */,);
			runOnlyForDeploymentPostprocessing = 0;
		};
/* End PBXSourcesBuildPhase section */

/* Begin XCBuildConfiguration section */
		1D1E1E262B1E1E1E1E1E1E26 /* Debug */ = {
			isa = XCBuildConfiguration;
			buildSettings = {
				ALWAYS_SEARCH_USER_PATHS = NO;
				ASSETCATALOG_COMPILER_GENERATE_SWIFT_ASSET_SYMBOL_EXTENSIONS = YES;
				CLANG_ANALYZER_NONNULL = YES;
				CLANG_ANALYZER_NUMBER_OBJECT_CONVERSION = YES_AGGRESSIVE;
				CLANG_CXX_LANGUAGE_STANDARD = "gnu++20";
				CLANG_ENABLE_MODULES = YES;
				CLANG_ENABLE_OBJC_ARC = YES;
				CLANG_ENABLE_OBJC_WEAK = YES;
				CLANG_WARN_BLOCK_CAPTURE_AUTORELEASING = YES;
				CLANG_WARN_BOOL_CONVERSION = YES;
				CLANG_WARN_COMMA = YES;
				CLANG_WARN_CONSTANT_CONVERSION = YES;
				CLANG_WARN_DEPRECATED_OBJC_IMPLEMENTATIONS = YES;
				CLANG_WARN_DIRECT_OBJC_ISA_USAGE = YES_ERROR;
				CLANG_WARN_DOCUMENTATION_COMMENTS = YES;
				CLANG_WARN_EMPTY_BODY = YES;
				CLANG_WARN_ENUM_CONVERSION = YES;
				CLANG_WARN_INFINITE_RECURSION = YES;
				CLANG_WARN_INT_CONVERSION = YES;
				CLANG_WARN_NON_LITERAL_NULL_CONVERSION = YES;
				CLANG_WARN_OBJC_IMPLICIT_RETAIN_SELF = YES;
				CLANG_WARN_OBJC_LITERAL_CONVERSION = YES;
				CLANG_WARN_OBJC_ROOT_CLASS = YES_ERROR;
				CLANG_WARN_QUOTED_INCLUDE_IN_FRAMEWORK_HEADER = YES;
				CLANG_WARN_RANGE_LOOP_ANALYSIS = YES;
				CLANG_WARN_STRICT_PROTOTYPES = YES;
				CLANG_WARN_SUSPICIOUS_MOVE = YES;
				CLANG_WARN_UNGUARDED_AVAILABILITY = YES_AGGRESSIVE;
				CLANG_WARN_UNREACHABLE_CODE = YES;
				CLANG_WARN__DUPLICATE_METHOD_MATCH = YES;
				COPY_PHASE_STRIP = NO;
				DEBUG_INFORMATION_FORMAT = dwarf;
				ENABLE_STRICT_OBJC_MSGSEND = YES;
				ENABLE_TESTABILITY = YES;
				ENABLE_USER_SCRIPT_SANDBOXING = YES;
				GCC_C_LANGUAGE_STANDARD = gnu17;
				GCC_DYNAMIC_NO_PIC = NO;
				GCC_NO_COMMON_BLOCKS = YES;
				GCC_OPTIMIZATION_LEVEL = 0;
				GCC_PREPROCESSOR_DEFINITIONS = (
					"DEBUG=1",
					"$(inherited)",
				);
				GCC_WARN_64_TO_32_BIT_CONVERSION = YES;
				GCC_WARN_ABOUT_RETURN_TYPE = YES_ERROR;
				GCC_WARN_UNDECLARED_SELECTOR = YES;
				GCC_WARN_UNINITIALIZED_AUTOS = YES_AGGRESSIVE;
				GCC_WARN_UNUSED_FUNCTION = YES;
				GCC_WARN_UNUSED_VARIABLE = YES;
				IPHONEOS_DEPLOYMENT_TARGET = 17.0;
				LOCALIZATION_PREFERS_STRING_CATALOGS = YES;
				MTL_ENABLE_DEBUG_INFO = INCLUDE_SOURCE;
				MTL_FAST_MATH = YES;
				ONLY_ACTIVE_ARCH = YES;
				SDKROOT = iphoneos;
				SWIFT_ACTIVE_COMPILATION_CONDITIONS = "DEBUG $(inherited)";
				SWIFT_OPTIMIZATION_LEVEL = "-Onone";
			};
			name = Debug;
		};
		1D1E1E272B1E1E1E1E1E1E27 /* Release */ = {
			isa = XCBuildConfiguration;
			buildSettings = {
				ALWAYS_SEARCH_USER_PATHS = NO;
				ASSETCATALOG_COMPILER_GENERATE_SWIFT_ASSET_SYMBOL_EXTENSIONS = YES;
				CLANG_ANALYZER_NONNULL = YES;
				CLANG_ANALYZER_NUMBER_OBJECT_CONVERSION = YES_AGGRESSIVE;
				CLANG_CXX_LANGUAGE_STANDARD = "gnu++20";
				CLANG_ENABLE_MODULES = YES;
				CLANG_ENABLE_OBJC_ARC = YES;
				CLANG_ENABLE_OBJC_WEAK = YES;
				CLANG_WARN_BLOCK_CAPTURE_AUTORELEASING = YES;
				CLANG_WARN_BOOL_CONVERSION = YES;
				CLANG_WARN_COMMA = YES;
				CLANG_WARN_CONSTANT_CONVERSION = YES;
				CLANG_WARN_DEPRECATED_OBJC_IMPLEMENTATIONS = YES;
				CLANG_WARN_DIRECT_OBJC_ISA_USAGE = YES_ERROR;
				CLANG_WARN_DOCUMENTATION_COMMENTS = YES;
				CLANG_WARN_EMPTY_BODY = YES;
				CLANG_WARN_ENUM_CONVERSION = YES;
				CLANG_WARN_INFINITE_RECURSION = YES;
				CLANG_WARN_INT_CONVERSION = YES;
				CLANG_WARN_NON_LITERAL_NULL_CONVERSION = YES;
				CLANG_WARN_OBJC_IMPLICIT_RETAIN_SELF = YES;
				CLANG_WARN_OBJC_LITERAL_CONVERSION = YES;
				CLANG_WARN_OBJC_ROOT_CLASS = YES_ERROR;
				CLANG_WARN_QUOTED_INCLUDE_IN_FRAMEWORK_HEADER = YES;
				CLANG_WARN_RANGE_LOOP_ANALYSIS = YES;
				CLANG_WARN_STRICT_PROTOTYPES = YES;
				CLANG_WARN_SUSPICIOUS_MOVE = YES;
				CLANG_WARN_UNGUARDED_AVAILABILITY = YES_AGGRESSIVE;
				CLANG_WARN_UNREACHABLE_CODE = YES;
				CLANG_WARN__DUPLICATE_METHOD_MATCH = YES;
				COPY_PHASE_STRIP = NO;
				DEBUG_INFORMATION_FORMAT = "dwarf-with-dsym";
				ENABLE_NS_ASSERTIONS = NO;
				ENABLE_STRICT_OBJC_MSGSEND = YES;
				ENABLE_USER_SCRIPT_SANDBOXING = YES;
				GCC_C_LANGUAGE_STANDARD = gnu17;
				GCC_NO_COMMON_BLOCKS = YES;
				GCC_WARN_64_TO_32_BIT_CONVERSION = YES;
				GCC_WARN_ABOUT_RETURN_TYPE = YES_ERROR;
				GCC_WARN_UNDECLARED_SELECTOR = YES;
				GCC_WARN_UNINITIALIZED_AUTOS = YES_AGGRESSIVE;
				GCC_WARN_UNUSED_FUNCTION = YES;
				GCC_WARN_UNUSED_VARIABLE = YES;
				IPHONEOS_DEPLOYMENT_TARGET = 17.0;
				LOCALIZATION_PREFERS_STRING_CATALOGS = YES;
				MTL_ENABLE_DEBUG_INFO = NO;
				MTL_FAST_MATH = YES;
				SDKROOT = iphoneos;
				SWIFT_COMPILATION_MODE = wholemodule;
				VALIDATE_PRODUCT = YES;
			};
			name = Release;
		};
		1D1E1E292B1E1E1E1E1E1E29 /* Debug */ = {
			isa = XCBuildConfiguration;
			buildSettings = {
				ASSETCATALOG_COMPILER_APPICON_NAME = SwiftDocumentScanner;
				ASSETCATALOG_COMPILER_GLOBAL_ACCENT_COLOR_NAME = AccentColor;
				CODE_SIGN_ENTITLEMENTS = SwiftDocumentScanner/SwiftDocumentScanner.entitlements;
				CODE_SIGN_STYLE = Automatic;
				CURRENT_PROJECT_VERSION = 1;
				DEVELOPMENT_TEAM = H7HZSAM3D5;
				ENABLE_PREVIEWS = YES;
				GENERATE_INFOPLIST_FILE = NO;
				INFOPLIST_FILE = SwiftDocumentScanner/Info.plist;
				INFOPLIST_KEY_CFBundleDisplayName = "Document Scanner";
				INFOPLIST_KEY_UIApplicationSceneManifest_Generation = YES;
				INFOPLIST_KEY_UIApplicationSupportsIndirectInputEvents = YES;
				INFOPLIST_KEY_UILaunchScreen_Generation = YES;
				INFOPLIST_KEY_UISupportedInterfaceOrientations = "UIInterfaceOrientationPortrait UIInterfaceOrientationLandscapeLeft UIInterfaceOrientationLandscapeRight";
				INFOPLIST_KEY_UISupportedInterfaceOrientations_iPad = "UIInterfaceOrientationPortrait UIInterfaceOrientationPortraitUpsideDown UIInterfaceOrientationLandscapeLeft UIInterfaceOrientationLandscapeRight";
				LD_RUNPATH_SEARCH_PATHS = (
					"$(inherited)",
					"@executable_path/Frameworks",
				);
				MARKETING_VERSION = 1.0;
				PRODUCT_BUNDLE_IDENTIFIER = agimem.SwiftDocumentScanner;
				PRODUCT_NAME = "$(TARGET_NAME)";
				SUPPORTED_PLATFORMS = "iphoneos iphonesimulator";
				SUPPORTS_MACCATALYST = NO;
				SUPPORTS_MAC_DESIGNED_FOR_IPHONE_IPAD = NO;
				SUPPORTS_XR_DESIGNED_FOR_IPHONE_IPAD = NO;
				SWIFT_EMIT_LOC_STRINGS = YES;
				SWIFT_VERSION = 5.0;
				TARGETED_DEVICE_FAMILY = "1,2";
			};
			name = Debug;
		};
		1D1E1E2A2B1E1E1E1E1E1E2A /* Release */ = {
			isa = XCBuildConfiguration;
			buildSettings = {
				ASSETCATALOG_COMPILER_APPICON_NAME = SwiftDocumentScanner;
				ASSETCATALOG_COMPILER_GLOBAL_ACCENT_COLOR_NAME = AccentColor;
				CODE_SIGN_ENTITLEMENTS = SwiftDocumentScanner/SwiftDocumentScanner.entitlements;
				CODE_SIGN_STYLE = Automatic;
				CURRENT_PROJECT_VERSION = 1;
				DEVELOPMENT_TEAM = H7HZSAM3D5;
				ENABLE_PREVIEWS = YES;
				GENERATE_INFOPLIST_FILE = NO;
				INFOPLIST_FILE = SwiftDocumentScanner/Info.plist;
				INFOPLIST_KEY_CFBundleDisplayName = "Document Scanner";
				INFOPLIST_KEY_UIApplicationSceneManifest_Generation = YES;
				INFOPLIST_KEY_UIApplicationSupportsIndirectInputEvents = YES;
				INFOPLIST_KEY_UILaunchScreen_Generation = YES;
				INFOPLIST_KEY_UISupportedInterfaceOrientations = "UIInterfaceOrientationPortrait UIInterfaceOrientationLandscapeLeft UIInterfaceOrientationLandscapeRight";
				INFOPLIST_KEY_UISupportedInterfaceOrientations_iPad = "UIInterfaceOrientationPortrait UIInterfaceOrientationPortraitUpsideDown UIInterfaceOrientationLandscapeLeft UIInterfaceOrientationLandscapeRight";
				LD_RUNPATH_SEARCH_PATHS = (
					"$(inherited)",
					"@executable_path/Frameworks",
				);
				MARKETING_VERSION = 1.0;
				PRODUCT_BUNDLE_IDENTIFIER = agimem.SwiftDocumentScanner;
				PRODUCT_NAME = "$(TARGET_NAME)";
				SUPPORTED_PLATFORMS = "iphoneos iphonesimulator";
				SUPPORTS_MACCATALYST = NO;
				SUPPORTS_MAC_DESIGNED_FOR_IPHONE_IPAD = NO;
				SUPPORTS_XR_DESIGNED_FOR_IPHONE_IPAD = NO;
				SWIFT_EMIT_LOC_STRINGS = YES;
				SWIFT_VERSION = 5.0;
				TARGETED_DEVICE_FAMILY = "1,2";
			};
			name = Release;
		};
/* End XCBuildConfiguration section */

/* Begin XCConfigurationList section */
		1D1E1E152B1E1E1E1E1E1E15 /* Build configuration list for PBXProject "SwiftDocumentScanner" */ = {
			isa = XCConfigurationList;
			buildConfigurations = (
				1D1E1E262B1E1E1E1E1E1E26 /* Debug */,
				1D1E1E272B1E1E1E1E1E1E27 /* Release */,
			);
			defaultConfigurationIsVisible = 0;
			defaultConfigurationName = Release;
		};
		1D1E1E282B1E1E1E1E1E1E28 /* Build configuration list for PBXNativeTarget "SwiftDocumentScanner" */ = {
			isa = XCConfigurationList;
			buildConfigurations = (
				1D1E1E292B1E1E1E1E1E1E29 /* Debug */,
				1D1E1E2A2B1E1E1E1E1E1E2A /* Release */,
			);
			defaultConfigurationIsVisible = 0;
			defaultConfigurationName = Release;
		};
/* End XCConfigurationList section */
	};
	rootObject = 1D1E1E122B1E1E1E1E1E1E12 /* Project object */;
}
