// !$*UTF8*$!
{
	archiveVersion = 1;
	classes = {
	};
	objectVersion = 56;
	objects = {

/* Begin PBXBuildFile section */
		7E63B4582FD47D6AC7DCDA3 /* PDFPreviewView.swift in Sources */ = {isa = PBXBuildFile; fileRef = 8947FCC779F5455BFDB641A /* PDFPreviewView.swift */; };

		1D1E1E1D2B1E1E1E1E1E1E1DBF /* App.swift in Sources */ = {isa = PBXBuildFile; fileRef = 1D1E1E1D2B1E1E1E1E1E1E1D /* App.swift */; };
		2D2E2E2D2B2E2E2E2E2E2E2DBF /* Page.swift in Sources */ = {isa = PBXBuildFile; fileRef = 2D2E2E2D2B2E2E2E2E2E2E2D /* Page.swift */; };
		3D3E3E3D2B3E3E3E3E3E3E3DBF /* Document.swift in Sources */ = {isa = PBXBuildFile; fileRef = 3D3E3E3D2B3E3E3E3E3E3E3D /* Document.swift */; };
		4D4E4E4D2B4E4E4E4E4E4E4DBF /* ScanSession.swift in Sources */ = {isa = PBXBuildFile; fileRef = 4D4E4E4D2B4E4E4E4E4E4E4D /* ScanSession.swift */; };
		1D1E1E1F2B1E1E1E1E1E1E1FBF /* ContentView.swift in Sources */ = {isa = PBXBuildFile; fileRef = 1D1E1E1F2B1E1E1E1E1E1E1F /* ContentView.swift */; };
		5D5E5E5D2B5E5E5E5E5E5E5DBF /* HomeView.swift in Sources */ = {isa = PBXBuildFile; fileRef = 5D5E5E5D2B5E5E5E5E5E5E5D /* HomeView.swift */; };
		6D6E6E6D2B6E6E6E6E6E6E6DBF /* DocumentScannerView.swift in Sources */ = {isa = PBXBuildFile; fileRef = 6D6E6E6D2B6E6E6E6E6E6E6D /* DocumentScannerView.swift */; };
		7D7E7E7D2B7E7E7E7E7E7E7DBF /* DocumentScannerCoordinator.swift in Sources */ = {isa = PBXBuildFile; fileRef = 7D7E7E7D2B7E7E7E7E7E7E7D /* DocumentScannerCoordinator.swift */; };
		8D8E8E8D2B8E8E8E8E8E8E8DBF /* OCRService.swift in Sources */ = {isa = PBXBuildFile; fileRef = 8D8E8E8D2B8E8E8E8E8E8E8D /* OCRService.swift */; };
		9D9E9E9D2B9E9E9E9E9E9E9DBF /* PDFService.swift in Sources */ = {isa = PBXBuildFile; fileRef = 9D9E9E9D2B9E9E9E9E9E9E9D /* PDFService.swift */; };
		ADAEBBEBADBEBEBEBEBEBEBDBF /* DocumentPickerView.swift in Sources */ = {isa = PBXBuildFile; fileRef = ADAEBBEBADBEBEEBEBEBEBD /* DocumentPickerView.swift */; };
		BDBEBBEBCDBEBEBEBEBEBEBDBF /* SmartFilenameService.swift in Sources */ = {isa = PBXBuildFile; fileRef = BDBEBBEBCDBEBEEBEBEBEBD /* SmartFilenameService.swift */; };
		6B748923718246326646389C /* FilenameEditorView.swift in Sources */ = {isa = PBXBuildFile; fileRef = 0CD6A247EB292A37CD71722B /* FilenameEditorView.swift */; };
/* End PBXBuildFile section */

/* Begin PBXFileReference section */
		8947FCC779F5455BFDB641A /* PDFPreviewView.swift */ = {isa = PBXFileReference; lastKnownFileType = sourcecode.swift; path = PDFPreviewView.swift; sourceTree = "<group>"; };

		1D1E1E1A2B1E1E1E1E1E1E1A /* DocumentScanner.app */ = {isa = PBXFileReference; explicitFileType = wrapper.application; includeInIndex = 0; path = DocumentScanner.app; sourceTree = BUILT_PRODUCTS_DIR; };
		1D1E1E1D2B1E1E1E1E1E1E1D /* App.swift */ = {isa = PBXFileReference; lastKnownFileType = sourcecode.swift; path = App.swift; sourceTree = "<group>"; };
		2D2E2E2D2B2E2E2E2E2E2E2D /* Page.swift */ = {isa = PBXFileReference; lastKnownFileType = sourcecode.swift; path = Page.swift; sourceTree = "<group>"; };
		3D3E3E3D2B3E3E3E3E3E3E3D /* Document.swift */ = {isa = PBXFileReference; lastKnownFileType = sourcecode.swift; path = Document.swift; sourceTree = "<group>"; };
		4D4E4E4D2B4E4E4E4E4E4E4D /* ScanSession.swift */ = {isa = PBXFileReference; lastKnownFileType = sourcecode.swift; path = ScanSession.swift; sourceTree = "<group>"; };
		1D1E1E1F2B1E1E1E1E1E1E1F /* ContentView.swift */ = {isa = PBXFileReference; lastKnownFileType = sourcecode.swift; path = ContentView.swift; sourceTree = "<group>"; };
		5D5E5E5D2B5E5E5E5E5E5E5D /* HomeView.swift */ = {isa = PBXFileReference; lastKnownFileType = sourcecode.swift; path = HomeView.swift; sourceTree = "<group>"; };
		6D6E6E6D2B6E6E6E6E6E6E6D /* DocumentScannerView.swift */ = {isa = PBXFileReference; lastKnownFileType = sourcecode.swift; path = DocumentScannerView.swift; sourceTree = "<group>"; };
		7D7E7E7D2B7E7E7E7E7E7E7D /* DocumentScannerCoordinator.swift */ = {isa = PBXFileReference; lastKnownFileType = sourcecode.swift; path = DocumentScannerCoordinator.swift; sourceTree = "<group>"; };
		8D8E8E8D2B8E8E8E8E8E8E8D /* OCRService.swift */ = {isa = PBXFileReference; lastKnownFileType = sourcecode.swift; path = OCRService.swift; sourceTree = "<group>"; };
		9D9E9E9D2B9E9E9E9E9E9E9D /* PDFService.swift */ = {isa = PBXFileReference; lastKnownFileType = sourcecode.swift; path = PDFService.swift; sourceTree = "<group>"; };
		ADAEBBEBADBEBEEBEBEBEBD /* DocumentPickerView.swift */ = {isa = PBXFileReference; lastKnownFileType = sourcecode.swift; path = DocumentPickerView.swift; sourceTree = "<group>"; };
		BDBEBBEBCDBEBEEBEBEBEBD /* SmartFilenameService.swift */ = {isa = PBXFileReference; lastKnownFileType = sourcecode.swift; path = SmartFilenameService.swift; sourceTree = "<group>"; };
		0CD6A247EB292A37CD71722B /* FilenameEditorView.swift */ = {isa = PBXFileReference; lastKnownFileType = sourcecode.swift; path = FilenameEditorView.swift; sourceTree = "<group>"; };
		1D1E1E242B1E1E1E1E1E1E24 /* Info.plist */ = {isa = PBXFileReference; lastKnownFileType = text.plist.xml; path = Info.plist; sourceTree = "<group>"; };
		1D1E1E252B1E1E1E1E1E1E25 /* DocumentScanner.entitlements */ = {isa = PBXFileReference; lastKnownFileType = text.plist.entitlements; path = DocumentScanner.entitlements; sourceTree = "<group>"; };
/* End PBXFileReference section */

/* Begin PBXFrameworksBuildPhase section */
		1D1E1E172B1E1E1E1E1E1E17 /* Frameworks */ = {
			isa = PBXFrameworksBuildPhase;
			buildActionMask = 2147483647;
			files = (
			);
			runOnlyForDeploymentPostprocessing = 0;
		};
/* End PBXFrameworksBuildPhase section */

/* Begin PBXGroup section */
		1D1E1E112B1E1E1E1E1E1E11 = {
			isa = PBXGroup;
			children = (
				1D1E1E1C2B1E1E1E1E1E1E1C /* DocumentScanner */,
				1D1E1E1B2B1E1E1E1E1E1E1B /* Products */,
			);
			sourceTree = "<group>";
		};
		1D1E1E1B2B1E1E1E1E1E1E1B /* Products */ = {
			isa = PBXGroup;
			children = (
				1D1E1E1A2B1E1E1E1E1E1E1A /* DocumentScanner.app */,
			);
			name = Products;
			sourceTree = "<group>";
		};
		1D1E1E1C2B1E1E1E1E1E1E1C /* DocumentScanner */ = {
			isa = PBXGroup;
			children = (
				1D1E1E1D2B1E1E1E1E1E1E1D /* App.swift */,
				1D1E1E302B1E1E1E1E1E1E30 /* UI */,
				1D1E1E312B1E1E1E1E1E1E31 /* Domain */,
				1D1E1E322B1E1E1E1E1E1E32 /* Data */,
				1D1E1E242B1E1E1E1E1E1E24 /* Info.plist */,
				1D1E1E252B1E1E1E1E1E1E25 /* DocumentScanner.entitlements */,
			);
			path = DocumentScanner;
			sourceTree = "<group>";
		};
		1D1E1E302B1E1E1E1E1E1E30 /* UI */ = {
			isa = PBXGroup;
			children = (
				1D1E1E1F2B1E1E1E1E1E1E1F /* ContentView.swift */,
				5D5E5E5D2B5E5E5E5E5E5E5D /* HomeView.swift */,
				6D6E6E6D2B6E6E6E6E6E6E6D /* DocumentScannerView.swift */,
				7D7E7E7D2B7E7E7E7E7E7E7D /* DocumentScannerCoordinator.swift */,
				ADAEBBEBADBEBEEBEBEBEBD /* DocumentPickerView.swift */,
				0CD6A247EB292A37CD71722B /* FilenameEditorView.swift */,
				8947FCC779F5455BFDB641A /* PDFPreviewView.swift */,
			);
			path = UI;
			sourceTree = "<group>";
		};
		1D1E1E312B1E1E1E1E1E1E31 /* Domain */ = {
			isa = PBXGroup;
			children = (
				2D2E2E2D2B2E2E2E2E2E2E2D /* Page.swift */,
				3D3E3E3D2B3E3E3E3E3E3E3D /* Document.swift */,
				4D4E4E4D2B4E4E4E4E4E4E4D /* ScanSession.swift */,
			);
			path = Domain;
			sourceTree = "<group>";
		};
		1D1E1E322B1E1E1E1E1E1E32 /* Data */ = {
			isa = PBXGroup;
			children = (
				8D8E8E8D2B8E8E8E8E8E8E8D /* OCRService.swift */,
				9D9E9E9D2B9E9E9E9E9E9E9D /* PDFService.swift */,
				BDBEBBEBCDBEBEEBEBEBEBD /* SmartFilenameService.swift */,
			);
			path = Data;
			sourceTree = "<group>";
		};
/* End PBXGroup section */

/* Begin PBXNativeTarget section */
		1D1E1E192B1E1E1E1E1E1E19 /* DocumentScanner */ = {
			isa = PBXNativeTarget;
			buildConfigurationList = 1D1E1E282B1E1E1E1E1E1E28 /* Build configuration list for PBXNativeTarget "DocumentScanner" */;
			buildPhases = (
				1D1E1E162B1E1E1E1E1E1E16 /* Sources */,
				1D1E1E172B1E1E1E1E1E1E17 /* Frameworks */,
				1D1E1E182B1E1E1E1E1E1E18 /* Resources */,
			);
			buildRules = (
			);
			dependencies = (
			);
			name = DocumentScanner;
			productName = DocumentScanner;
			productReference = 1D1E1E1A2B1E1E1E1E1E1E1A /* DocumentScanner.app */;
			productType = "com.apple.product-type.application";
		};
/* End PBXNativeTarget section */

/* Begin PBXProject section */
		1D1E1E122B1E1E1E1E1E1E12 /* Project object */ = {
			isa = PBXProject;
			attributes = {
				BuildIndependentTargetsInParallel = 1;
				LastSwiftUpdateCheck = 1500;
				LastUpgradeCheck = 1500;
				TargetAttributes = {
					1D1E1E192B1E1E1E1E1E1E19 = {
						CreatedOnToolsVersion = 15.0;
					};
				};
			};
			buildConfigurationList = 1D1E1E152B1E1E1E1E1E1E15 /* Build configuration list for PBXProject "DocumentScanner" */;
			compatibilityVersion = "Xcode 14.0";
			developmentRegion = en;
			hasScannedForEncodings = 0;
			knownRegions = (
				en,
				Base,
			);
			mainGroup = 1D1E1E112B1E1E1E1E1E1E11;
			productRefGroup = 1D1E1E1B2B1E1E1E1E1E1E1B /* Products */;
			projectDirPath = "";
			projectRoot = "";
			targets = (
				1D1E1E192B1E1E1E1E1E1E19 /* DocumentScanner */,
			);
		};
/* End PBXProject section */

/* Begin PBXResourcesBuildPhase section */
		1D1E1E182B1E1E1E1E1E1E18 /* Resources */ = {
			isa = PBXResourcesBuildPhase;
			buildActionMask = 2147483647;
			files = (
			);
			runOnlyForDeploymentPostprocessing = 0;
		};
/* End PBXResourcesBuildPhase section */

/* Begin PBXSourcesBuildPhase section */
		1D1E1E162B1E1E1E1E1E1E16 /* Sources */ = {
			isa = PBXSourcesBuildPhase;
			buildActionMask = 2147483647;
			files = (
				1D1E1E1D2B1E1E1E1E1E1E1DBF /* App.swift in Sources */,
				2D2E2E2D2B2E2E2E2E2E2E2DBF /* Page.swift in Sources */,
				3D3E3E3D2B3E3E3E3E3E3E3DBF /* Document.swift in Sources */,
				4D4E4E4D2B4E4E4E4E4E4E4DBF /* ScanSession.swift in Sources */,
				1D1E1E1F2B1E1E1E1E1E1E1FBF /* ContentView.swift in Sources */,
				5D5E5E5D2B5E5E5E5E5E5E5DBF /* HomeView.swift in Sources */,
				6D6E6E6D2B6E6E6E6E6E6E6DBF /* DocumentScannerView.swift in Sources */,
				7D7E7E7D2B7E7E7E7E7E7E7DBF /* DocumentScannerCoordinator.swift in Sources */,
				8D8E8E8D2B8E8E8E8E8E8E8DBF /* OCRService.swift in Sources */,
				9D9E9E9D2B9E9E9E9E9E9E9DBF /* PDFService.swift in Sources */,
				ADAEBBEBADBEBEBEBEBEBEBDBF /* DocumentPickerView.swift in Sources */,
				BDBEBBEBCDBEBEBEBEBEBEBDBF /* SmartFilenameService.swift in Sources */,
				6B748923718246326646389C /* FilenameEditorView.swift in Sources */,
				7E63B4582FD47D6AC7DCDA3 /* PDFPreviewView.swift in Sources */,
			);
			runOnlyForDeploymentPostprocessing = 0;
		};
/* End PBXSourcesBuildPhase section */

/* Begin XCBuildConfiguration section */
		1D1E1E262B1E1E1E1E1E1E26 /* Debug */ = {
			isa = XCBuildConfiguration;
			buildSettings = {
				ALWAYS_SEARCH_USER_PATHS = NO;
				ASSETCATALOG_COMPILER_GENERATE_SWIFT_ASSET_SYMBOL_EXTENSIONS = YES;
				CLANG_ANALYZER_NONNULL = YES;
				CLANG_ANALYZER_NUMBER_OBJECT_CONVERSION = YES_AGGRESSIVE;
				CLANG_CXX_LANGUAGE_STANDARD = "gnu++20";
				CLANG_ENABLE_MODULES = YES;
				CLANG_ENABLE_OBJC_ARC = YES;
				CLANG_ENABLE_OBJC_WEAK = YES;
				CLANG_WARN_BLOCK_CAPTURE_AUTORELEASING = YES;
				CLANG_WARN_BOOL_CONVERSION = YES;
				CLANG_WARN_COMMA = YES;
				CLANG_WARN_CONSTANT_CONVERSION = YES;
				CLANG_WARN_DEPRECATED_OBJC_IMPLEMENTATIONS = YES;
				CLANG_WARN_DIRECT_OBJC_ISA_USAGE = YES_ERROR;
				CLANG_WARN_DOCUMENTATION_COMMENTS = YES;
				CLANG_WARN_EMPTY_BODY = YES;
				CLANG_WARN_ENUM_CONVERSION = YES;
				CLANG_WARN_INFINITE_RECURSION = YES;
				CLANG_WARN_INT_CONVERSION = YES;
				CLANG_WARN_NON_LITERAL_NULL_CONVERSION = YES;
				CLANG_WARN_OBJC_IMPLICIT_RETAIN_SELF = YES;
				CLANG_WARN_OBJC_LITERAL_CONVERSION = YES;
				CLANG_WARN_OBJC_ROOT_CLASS = YES_ERROR;
				CLANG_WARN_QUOTED_INCLUDE_IN_FRAMEWORK_HEADER = YES;
				CLANG_WARN_RANGE_LOOP_ANALYSIS = YES;
				CLANG_WARN_STRICT_PROTOTYPES = YES;
				CLANG_WARN_SUSPICIOUS_MOVE = YES;
				CLANG_WARN_UNGUARDED_AVAILABILITY = YES_AGGRESSIVE;
				CLANG_WARN_UNREACHABLE_CODE = YES;
				CLANG_WARN__DUPLICATE_METHOD_MATCH = YES;
				COPY_PHASE_STRIP = NO;
				DEBUG_INFORMATION_FORMAT = dwarf;
				ENABLE_STRICT_OBJC_MSGSEND = YES;
				ENABLE_TESTABILITY = YES;
				ENABLE_USER_SCRIPT_SANDBOXING = YES;
				GCC_C_LANGUAGE_STANDARD = gnu17;
				GCC_DYNAMIC_NO_PIC = NO;
				GCC_NO_COMMON_BLOCKS = YES;
				GCC_OPTIMIZATION_LEVEL = 0;
				GCC_PREPROCESSOR_DEFINITIONS = (
					"DEBUG=1",
					"$(inherited)",
				);
				GCC_WARN_64_TO_32_BIT_CONVERSION = YES;
				GCC_WARN_ABOUT_RETURN_TYPE = YES_ERROR;
				GCC_WARN_UNDECLARED_SELECTOR = YES;
				GCC_WARN_UNINITIALIZED_AUTOS = YES_AGGRESSIVE;
				GCC_WARN_UNUSED_FUNCTION = YES;
				GCC_WARN_UNUSED_VARIABLE = YES;
				IPHONEOS_DEPLOYMENT_TARGET = 17.0;
				LOCALIZATION_PREFERS_STRING_CATALOGS = YES;
				MTL_ENABLE_DEBUG_INFO = INCLUDE_SOURCE;
				MTL_FAST_MATH = YES;
				ONLY_ACTIVE_ARCH = YES;
				SDKROOT = iphoneos;
				SWIFT_ACTIVE_COMPILATION_CONDITIONS = "DEBUG $(inherited)";
				SWIFT_OPTIMIZATION_LEVEL = "-Onone";
			};
			name = Debug;
		};
		1D1E1E272B1E1E1E1E1E1E27 /* Release */ = {
			isa = XCBuildConfiguration;
			buildSettings = {
				ALWAYS_SEARCH_USER_PATHS = NO;
				ASSETCATALOG_COMPILER_GENERATE_SWIFT_ASSET_SYMBOL_EXTENSIONS = YES;
				CLANG_ANALYZER_NONNULL = YES;
				CLANG_ANALYZER_NUMBER_OBJECT_CONVERSION = YES_AGGRESSIVE;
				CLANG_CXX_LANGUAGE_STANDARD = "gnu++20";
				CLANG_ENABLE_MODULES = YES;
				CLANG_ENABLE_OBJC_ARC = YES;
				CLANG_ENABLE_OBJC_WEAK = YES;
				CLANG_WARN_BLOCK_CAPTURE_AUTORELEASING = YES;
				CLANG_WARN_BOOL_CONVERSION = YES;
				CLANG_WARN_COMMA = YES;
				CLANG_WARN_CONSTANT_CONVERSION = YES;
				CLANG_WARN_DEPRECATED_OBJC_IMPLEMENTATIONS = YES;
				CLANG_WARN_DIRECT_OBJC_ISA_USAGE = YES_ERROR;
				CLANG_WARN_DOCUMENTATION_COMMENTS = YES;
				CLANG_WARN_EMPTY_BODY = YES;
				CLANG_WARN_ENUM_CONVERSION = YES;
				CLANG_WARN_INFINITE_RECURSION = YES;
				CLANG_WARN_INT_CONVERSION = YES;
				CLANG_WARN_NON_LITERAL_NULL_CONVERSION = YES;
				CLANG_WARN_OBJC_IMPLICIT_RETAIN_SELF = YES;
				CLANG_WARN_OBJC_LITERAL_CONVERSION = YES;
				CLANG_WARN_OBJC_ROOT_CLASS = YES_ERROR;
				CLANG_WARN_QUOTED_INCLUDE_IN_FRAMEWORK_HEADER = YES;
				CLANG_WARN_RANGE_LOOP_ANALYSIS = YES;
				CLANG_WARN_STRICT_PROTOTYPES = YES;
				CLANG_WARN_SUSPICIOUS_MOVE = YES;
				CLANG_WARN_UNGUARDED_AVAILABILITY = YES_AGGRESSIVE;
				CLANG_WARN_UNREACHABLE_CODE = YES;
				CLANG_WARN__DUPLICATE_METHOD_MATCH = YES;
				COPY_PHASE_STRIP = NO;
				DEBUG_INFORMATION_FORMAT = "dwarf-with-dsym";
				ENABLE_NS_ASSERTIONS = NO;
				ENABLE_STRICT_OBJC_MSGSEND = YES;
				ENABLE_USER_SCRIPT_SANDBOXING = YES;
				GCC_C_LANGUAGE_STANDARD = gnu17;
				GCC_NO_COMMON_BLOCKS = YES;
				GCC_WARN_64_TO_32_BIT_CONVERSION = YES;
				GCC_WARN_ABOUT_RETURN_TYPE = YES_ERROR;
				GCC_WARN_UNDECLARED_SELECTOR = YES;
				GCC_WARN_UNINITIALIZED_AUTOS = YES_AGGRESSIVE;
				GCC_WARN_UNUSED_FUNCTION = YES;
				GCC_WARN_UNUSED_VARIABLE = YES;
				IPHONEOS_DEPLOYMENT_TARGET = 17.0;
				LOCALIZATION_PREFERS_STRING_CATALOGS = YES;
				MTL_ENABLE_DEBUG_INFO = NO;
				MTL_FAST_MATH = YES;
				SDKROOT = iphoneos;
				SWIFT_COMPILATION_MODE = wholemodule;
				VALIDATE_PRODUCT = YES;
			};
			name = Release;
		};
		1D1E1E292B1E1E1E1E1E1E29 /* Debug */ = {
			isa = XCBuildConfiguration;
			buildSettings = {
				ASSETCATALOG_COMPILER_APPICON_NAME = AppIcon;
				ASSETCATALOG_COMPILER_GLOBAL_ACCENT_COLOR_NAME = AccentColor;
				CODE_SIGN_ENTITLEMENTS = DocumentScanner/DocumentScanner.entitlements;
				CODE_SIGN_STYLE = Automatic;
				CURRENT_PROJECT_VERSION = 1;
				DEVELOPMENT_TEAM = H7HZSAM3D5;
				ENABLE_PREVIEWS = YES;
				GENERATE_INFOPLIST_FILE = NO;
				INFOPLIST_FILE = DocumentScanner/Info.plist;
				INFOPLIST_KEY_CFBundleDisplayName = "Document Scanner";
				INFOPLIST_KEY_UIApplicationSceneManifest_Generation = YES;
				INFOPLIST_KEY_UIApplicationSupportsIndirectInputEvents = YES;
				INFOPLIST_KEY_UILaunchScreen_Generation = YES;
				INFOPLIST_KEY_UISupportedInterfaceOrientations = "UIInterfaceOrientationPortrait UIInterfaceOrientationLandscapeLeft UIInterfaceOrientationLandscapeRight";
				INFOPLIST_KEY_UISupportedInterfaceOrientations_iPad = "UIInterfaceOrientationPortrait UIInterfaceOrientationPortraitUpsideDown UIInterfaceOrientationLandscapeLeft UIInterfaceOrientationLandscapeRight";
				LD_RUNPATH_SEARCH_PATHS = (
					"$(inherited)",
					"@executable_path/Frameworks",
				);
				MARKETING_VERSION = 1.0;
				PRODUCT_BUNDLE_IDENTIFIER = bchapuis.DocumentScanner;
				PRODUCT_NAME = "$(TARGET_NAME)";
				SWIFT_EMIT_LOC_STRINGS = YES;
				SWIFT_VERSION = 5.0;
				TARGETED_DEVICE_FAMILY = "1,2";
			};
			name = Debug;
		};
		1D1E1E2A2B1E1E1E1E1E1E2A /* Release */ = {
			isa = XCBuildConfiguration;
			buildSettings = {
				ASSETCATALOG_COMPILER_APPICON_NAME = AppIcon;
				ASSETCATALOG_COMPILER_GLOBAL_ACCENT_COLOR_NAME = AccentColor;
				CODE_SIGN_ENTITLEMENTS = DocumentScanner/DocumentScanner.entitlements;
				CODE_SIGN_STYLE = Automatic;
				CURRENT_PROJECT_VERSION = 1;
				DEVELOPMENT_TEAM = H7HZSAM3D5;
				ENABLE_PREVIEWS = YES;
				GENERATE_INFOPLIST_FILE = NO;
				INFOPLIST_FILE = DocumentScanner/Info.plist;
				INFOPLIST_KEY_CFBundleDisplayName = "Document Scanner";
				INFOPLIST_KEY_UIApplicationSceneManifest_Generation = YES;
				INFOPLIST_KEY_UIApplicationSupportsIndirectInputEvents = YES;
				INFOPLIST_KEY_UILaunchScreen_Generation = YES;
				INFOPLIST_KEY_UISupportedInterfaceOrientations = "UIInterfaceOrientationPortrait UIInterfaceOrientationLandscapeLeft UIInterfaceOrientationLandscapeRight";
				INFOPLIST_KEY_UISupportedInterfaceOrientations_iPad = "UIInterfaceOrientationPortrait UIInterfaceOrientationPortraitUpsideDown UIInterfaceOrientationLandscapeLeft UIInterfaceOrientationLandscapeRight";
				LD_RUNPATH_SEARCH_PATHS = (
					"$(inherited)",
					"@executable_path/Frameworks",
				);
				MARKETING_VERSION = 1.0;
				PRODUCT_BUNDLE_IDENTIFIER = bchapuis.DocumentScanner;
				PRODUCT_NAME = "$(TARGET_NAME)";
				SWIFT_EMIT_LOC_STRINGS = YES;
				SWIFT_VERSION = 5.0;
				TARGETED_DEVICE_FAMILY = "1,2";
			};
			name = Release;
		};
/* End XCBuildConfiguration section */

/* Begin XCConfigurationList section */
		1D1E1E152B1E1E1E1E1E1E15 /* Build configuration list for PBXProject "DocumentScanner" */ = {
			isa = XCConfigurationList;
			buildConfigurations = (
				1D1E1E262B1E1E1E1E1E1E26 /* Debug */,
				1D1E1E272B1E1E1E1E1E1E27 /* Release */,
			);
			defaultConfigurationIsVisible = 0;
			defaultConfigurationName = Release;
		};
		1D1E1E282B1E1E1E1E1E1E28 /* Build configuration list for PBXNativeTarget "DocumentScanner" */ = {
			isa = XCConfigurationList;
			buildConfigurations = (
				1D1E1E292B1E1E1E1E1E1E29 /* Debug */,
				1D1E1E2A2B1E1E1E1E1E1E2A /* Release */,
			);
			defaultConfigurationIsVisible = 0;
			defaultConfigurationName = Release;
		};
/* End XCConfigurationList section */
	};
	rootObject = 1D1E1E122B1E1E1E1E1E1E12 /* Project object */;
}

